
Microsoft Visual Studio Solution File, Format Version 12.00
# Visual Studio Version 17
VisualStudioVersion = 17.0.31903.59
MinimumVisualStudioVersion = 10.0.40219.1
Project("{2150E333-8FDC-42A3-9474-1A3956D46DE8}") = "src", "src", "{827E0CD3-B72D-47B6-A68D-7590B98EB39B}"
EndProject
Project("{FAE04EC0-301F-11D3-BF4B-00C04F79EFBC}") = "Ofdrw.Net.Core", "src\Ofdrw.Net.Core\Ofdrw.Net.Core.csproj", "{3145C48C-6F6F-4B20-BC1B-9126308A4331}"
EndProject
Project("{FAE04EC0-301F-11D3-BF4B-00C04F79EFBC}") = "Ofdrw.Net.Packaging", "src\Ofdrw.Net.Packaging\Ofdrw.Net.Packaging.csproj", "{38CE42B3-8211-4643-95AA-01C7FD25C7E9}"
EndProject
Project("{FAE04EC0-301F-11D3-BF4B-00C04F79EFBC}") = "Ofdrw.Net.Layout", "src\Ofdrw.Net.Layout\Ofdrw.Net.Layout.csproj", "{C1060877-6706-4021-A619-EC7E41A66EEE}"
EndProject
Project("{FAE04EC0-301F-11D3-BF4B-00C04F79EFBC}") = "Ofdrw.Net.Reader", "src\Ofdrw.Net.Reader\Ofdrw.Net.Reader.csproj", "{EC766581-A26B-4A3E-804B-A088DF7663BE}"
EndProject
Project("{FAE04EC0-301F-11D3-BF4B-00C04F79EFBC}") = "Ofdrw.Net.Converter.Abstractions", "src\Ofdrw.Net.Converter.Abstractions\Ofdrw.Net.Converter.Abstractions.csproj", "{CFC80EB8-B299-47F2-8B7B-74D34D7F23D0}"
EndProject
Project("{FAE04EC0-301F-11D3-BF4B-00C04F79EFBC}") = "Ofdrw.Net.Converter.Pdf", "src\Ofdrw.Net.Converter.Pdf\Ofdrw.Net.Converter.Pdf.csproj", "{0CFD54D6-D6CC-42F0-BDD0-6AF94B95ADA1}"
EndProject
Project("{FAE04EC0-301F-11D3-BF4B-00C04F79EFBC}") = "Ofdrw.Net.Converter.Svg", "src\Ofdrw.Net.Converter.Svg\Ofdrw.Net.Converter.Svg.csproj", "{7A6F2369-53CE-4C8B-9FD8-3BAA0D5719E4}"
EndProject
Project("{FAE04EC0-301F-11D3-BF4B-00C04F79EFBC}") = "Ofdrw.Net.Signatures", "src\Ofdrw.Net.Signatures\Ofdrw.Net.Signatures.csproj", "{E1D6D5B0-C90D-4F4C-B381-66AC0D3DAA57}"
EndProject
Project("{2150E333-8FDC-42A3-9474-1A3956D46DE8}") = "tests", "tests", "{0AB3BF05-4346-4AA6-1389-037BE0695223}"
EndProject
Project("{FAE04EC0-301F-11D3-BF4B-00C04F79EFBC}") = "Ofdrw.Net.Core.Tests", "tests\Ofdrw.Net.Core.Tests\Ofdrw.Net.Core.Tests.csproj", "{A71320AC-7146-40F7-860B-C11D7C72CDD8}"
EndProject
Project("{FAE04EC0-301F-11D3-BF4B-00C04F79EFBC}") = "Ofdrw.Net.Packaging.Tests", "tests\Ofdrw.Net.Packaging.Tests\Ofdrw.Net.Packaging.Tests.csproj", "{E4EAF4AD-7EDC-43B7-AAF7-4647CE260710}"
EndProject
Project("{FAE04EC0-301F-11D3-BF4B-00C04F79EFBC}") = "Ofdrw.Net.Converter.Pdf.Tests", "tests\Ofdrw.Net.Converter.Pdf.Tests\Ofdrw.Net.Converter.Pdf.Tests.csproj", "{EFD9D298-A0FA-4FB5-BBD9-F2EEB9830892}"
EndProject
Project("{FAE04EC0-301F-11D3-BF4B-00C04F79EFBC}") = "Ofdrw.Net.Signatures.Tests", "tests\Ofdrw.Net.Signatures.Tests\Ofdrw.Net.Signatures.Tests.csproj", "{CF12AE37-2D72-4E05-B7BC-96422F82168B}"
EndProject
Project("{FAE04EC0-301F-11D3-BF4B-00C04F79EFBC}") = "Ofdrw.Net.Converter", "src\Ofdrw.Net.Converter\Ofdrw.Net.Converter.csproj", "{06CCF361-32BB-4DE8-A585-D3BA0E87157C}"
EndProject
Project("{FAE04EC0-301F-11D3-BF4B-00C04F79EFBC}") = "Ofdrw.Net.Cli", "src\Ofdrw.Net.Cli\Ofdrw.Net.Cli.csproj", "{948CC17A-CCFC-4D4F-860C-14FC656DC7BA}"
EndProject
Project("{FAE04EC0-301F-11D3-BF4B-00C04F79EFBC}") = "Ofdrw.Net.Converter.Docx", "src\Ofdrw.Net.Converter.Docx\Ofdrw.Net.Converter.Docx.csproj", "{CBF68F36-7FA3-4D8C-A3C3-B8173E700579}"
EndProject
Project("{FAE04EC0-301F-11D3-BF4B-00C04F79EFBC}") = "Ofdrw.Net.Converter.Docx.Tests", "tests\Ofdrw.Net.Converter.Docx.Tests\Ofdrw.Net.Converter.Docx.Tests.csproj", "{C13D31BF-3AEC-47F2-B509-E350A3AF5795}"
EndProject
Project("{FAE04EC0-301F-11D3-BF4B-00C04F79EFBC}") = "Ofdrw.Net.Cli.Tests", "tests\Ofdrw.Net.Cli.Tests\Ofdrw.Net.Cli.Tests.csproj", "{655DB75F-A56A-40D8-AA86-D646D44081D0}"
EndProject
Project("{FAE04EC0-301F-11D3-BF4B-00C04F79EFBC}") = "Ofdrw.Net.Layout.Tests", "tests\Ofdrw.Net.Layout.Tests\Ofdrw.Net.Layout.Tests.csproj", "{384664A7-6BDF-43B3-A70D-743F11FA4A5E}"
EndProject
Project("{2150E333-8FDC-42A3-9474-1A3956D46DE8}") = "e2e", "e2e", "{36695022-115B-4ABA-B650-0F2673D85EB6}"
EndProject
Project("{FAE04EC0-301F-11D3-BF4B-00C04F79EFBC}") = "Ofdrw.Net.Graphics.Sample", "e2e\Ofdrw.Net.Graphics.Sample\Ofdrw.Net.Graphics.Sample.csproj", "{480C0786-6333-4A82-A3BE-01609F0F3001}"
EndProject
Project("{FAE04EC0-301F-11D3-BF4B-00C04F79EFBC}") = "Ofdrw.Net.Graphics.E2E", "e2e\Ofdrw.Net.Graphics.E2E\Ofdrw.Net.Graphics.E2E.csproj", "{AB887F39-C659-4002-9BD8-4A93E306E862}"
EndProject
Project("{FAE04EC0-301F-11D3-BF4B-00C04F79EFBC}") = "Ofdrw.Net.Graphics.SkiaSharp", "src\Ofdrw.Net.Graphics.SkiaSharp\Ofdrw.Net.Graphics.SkiaSharp.csproj", "{E0D4C9EF-DF00-4060-B6D8-E88DA9833DB8}"
EndProject
Project("{FAE04EC0-301F-11D3-BF4B-00C04F79EFBC}") = "Ofdrw.Net.Graphics.SkiaSharp.Tests", "tests\Ofdrw.Net.Graphics.SkiaSharp.Tests\Ofdrw.Net.Graphics.SkiaSharp.Tests.csproj", "{867E7DF8-6E6F-4941-AD06-D38C75274CCC}"
EndProject
Project("{FAE04EC0-301F-11D3-BF4B-00C04F79EFBC}") = "Ofdrw.Net.SkiaSharp.E2E", "e2e\Ofdrw.Net.SkiaSharp.E2E\Ofdrw.Net.SkiaSharp.E2E.csproj", "{A4E5742D-A90D-45E8-B762-CF2073785AAB}"
EndProject
Project("{FAE04EC0-301F-11D3-BF4B-00C04F79EFBC}") = "Ofdrw.Net.Converter.Pdf.Vector", "src\Ofdrw.Net.Converter.Pdf.Vector\Ofdrw.Net.Converter.Pdf.Vector.csproj", "{B6775CFB-4344-4C0A-A080-A4DA7BD71E63}"
EndProject
Project("{FAE04EC0-301F-11D3-BF4B-00C04F79EFBC}") = "Ofdrw.Net.Converter.Pdf.Vector.Tests", "tests\Ofdrw.Net.Converter.Pdf.Vector.Tests\Ofdrw.Net.Converter.Pdf.Vector.Tests.csproj", "{BD4C598E-6EF0-4447-8BC7-5D8EA4942AD8}"
EndProject
Project("{FAE04EC0-301F-11D3-BF4B-00C04F79EFBC}") = "Ofdrw.Net.Pdf.Vector.E2E", "e2e\Ofdrw.Net.Pdf.Vector.E2E\Ofdrw.Net.Pdf.Vector.E2E.csproj", "{33A70527-76E2-4D4B-B4F3-ADBD76F26E64}"
EndProject
Global
	GlobalSection(SolutionConfigurationPlatforms) = preSolution
		Debug|Any CPU = Debug|Any CPU
		Debug|x64 = Debug|x64
		Debug|x86 = Debug|x86
		Release|Any CPU = Release|Any CPU
		Release|x64 = Release|x64
		Release|x86 = Release|x86
	EndGlobalSection
	GlobalSection(ProjectConfigurationPlatforms) = postSolution
		{3145C48C-6F6F-4B20-BC1B-9126308A4331}.Debug|Any CPU.ActiveCfg = Debug|Any CPU
		{3145C48C-6F6F-4B20-BC1B-9126308A4331}.Debug|Any CPU.Build.0 = Debug|Any CPU
		{3145C48C-6F6F-4B20-BC1B-9126308A4331}.Debug|x64.ActiveCfg = Debug|Any CPU
		{3145C48C-6F6F-4B20-BC1B-9126308A4331}.Debug|x64.Build.0 = Debug|Any CPU
		{3145C48C-6F6F-4B20-BC1B-9126308A4331}.Debug|x86.ActiveCfg = Debug|Any CPU
		{3145C48C-6F6F-4B20-BC1B-9126308A4331}.Debug|x86.Build.0 = Debug|Any CPU
		{3145C48C-6F6F-4B20-BC1B-9126308A4331}.Release|Any CPU.ActiveCfg = Release|Any CPU
		{3145C48C-6F6F-4B20-BC1B-9126308A4331}.Release|Any CPU.Build.0 = Release|Any CPU
		{3145C48C-6F6F-4B20-BC1B-9126308A4331}.Release|x64.ActiveCfg = Release|Any CPU
		{3145C48C-6F6F-4B20-BC1B-9126308A4331}.Release|x64.Build.0 = Release|Any CPU
		{3145C48C-6F6F-4B20-BC1B-9126308A4331}.Release|x86.ActiveCfg = Release|Any CPU
		{3145C48C-6F6F-4B20-BC1B-9126308A4331}.Release|x86.Build.0 = Release|Any CPU
		{38CE42B3-8211-4643-95AA-01C7FD25C7E9}.Debug|Any CPU.ActiveCfg = Debug|Any CPU
		{38CE42B3-8211-4643-95AA-01C7FD25C7E9}.Debug|Any CPU.Build.0 = Debug|Any CPU
		{38CE42B3-8211-4643-95AA-01C7FD25C7E9}.Debug|x64.ActiveCfg = Debug|Any CPU
		{38CE42B3-8211-4643-95AA-01C7FD25C7E9}.Debug|x64.Build.0 = Debug|Any CPU
		{38CE42B3-8211-4643-95AA-01C7FD25C7E9}.Debug|x86.ActiveCfg = Debug|Any CPU
		{38CE42B3-8211-4643-95AA-01C7FD25C7E9}.Debug|x86.Build.0 = Debug|Any CPU
		{38CE42B3-8211-4643-95AA-01C7FD25C7E9}.Release|Any CPU.ActiveCfg = Release|Any CPU
		{38CE42B3-8211-4643-95AA-01C7FD25C7E9}.Release|Any CPU.Build.0 = Release|Any CPU
		{38CE42B3-8211-4643-95AA-01C7FD25C7E9}.Release|x64.ActiveCfg = Release|Any CPU
		{38CE42B3-8211-4643-95AA-01C7FD25C7E9}.Release|x64.Build.0 = Release|Any CPU
		{38CE42B3-8211-4643-95AA-01C7FD25C7E9}.Release|x86.ActiveCfg = Release|Any CPU
		{38CE42B3-8211-4643-95AA-01C7FD25C7E9}.Release|x86.Build.0 = Release|Any CPU
		{C1060877-6706-4021-A619-EC7E41A66EEE}.Debug|Any CPU.ActiveCfg = Debug|Any CPU
		{C1060877-6706-4021-A619-EC7E41A66EEE}.Debug|Any CPU.Build.0 = Debug|Any CPU
		{C1060877-6706-4021-A619-EC7E41A66EEE}.Debug|x64.ActiveCfg = Debug|Any CPU
		{C1060877-6706-4021-A619-EC7E41A66EEE}.Debug|x64.Build.0 = Debug|Any CPU
		{C1060877-6706-4021-A619-EC7E41A66EEE}.Debug|x86.ActiveCfg = Debug|Any CPU
		{C1060877-6706-4021-A619-EC7E41A66EEE}.Debug|x86.Build.0 = Debug|Any CPU
		{C1060877-6706-4021-A619-EC7E41A66EEE}.Release|Any CPU.ActiveCfg = Release|Any CPU
		{C1060877-6706-4021-A619-EC7E41A66EEE}.Release|Any CPU.Build.0 = Release|Any CPU
		{C1060877-6706-4021-A619-EC7E41A66EEE}.Release|x64.ActiveCfg = Release|Any CPU
		{C1060877-6706-4021-A619-EC7E41A66EEE}.Release|x64.Build.0 = Release|Any CPU
		{C1060877-6706-4021-A619-EC7E41A66EEE}.Release|x86.ActiveCfg = Release|Any CPU
		{C1060877-6706-4021-A619-EC7E41A66EEE}.Release|x86.Build.0 = Release|Any CPU
		{EC766581-A26B-4A3E-804B-A088DF7663BE}.Debug|Any CPU.ActiveCfg = Debug|Any CPU
		{EC766581-A26B-4A3E-804B-A088DF7663BE}.Debug|Any CPU.Build.0 = Debug|Any CPU
		{EC766581-A26B-4A3E-804B-A088DF7663BE}.Debug|x64.ActiveCfg = Debug|Any CPU
		{EC766581-A26B-4A3E-804B-A088DF7663BE}.Debug|x64.Build.0 = Debug|Any CPU
		{EC766581-A26B-4A3E-804B-A088DF7663BE}.Debug|x86.ActiveCfg = Debug|Any CPU
		{EC766581-A26B-4A3E-804B-A088DF7663BE}.Debug|x86.Build.0 = Debug|Any CPU
		{EC766581-A26B-4A3E-804B-A088DF7663BE}.Release|Any CPU.ActiveCfg = Release|Any CPU
		{EC766581-A26B-4A3E-804B-A088DF7663BE}.Release|Any CPU.Build.0 = Release|Any CPU
		{EC766581-A26B-4A3E-804B-A088DF7663BE}.Release|x64.ActiveCfg = Release|Any CPU
		{EC766581-A26B-4A3E-804B-A088DF7663BE}.Release|x64.Build.0 = Release|Any CPU
		{EC766581-A26B-4A3E-804B-A088DF7663BE}.Release|x86.ActiveCfg = Release|Any CPU
		{EC766581-A26B-4A3E-804B-A088DF7663BE}.Release|x86.Build.0 = Release|Any CPU
		{CFC80EB8-B299-47F2-8B7B-74D34D7F23D0}.Debug|Any CPU.ActiveCfg = Debug|Any CPU
		{CFC80EB8-B299-47F2-8B7B-74D34D7F23D0}.Debug|Any CPU.Build.0 = Debug|Any CPU
		{CFC80EB8-B299-47F2-8B7B-74D34D7F23D0}.Debug|x64.ActiveCfg = Debug|Any CPU
		{CFC80EB8-B299-47F2-8B7B-74D34D7F23D0}.Debug|x64.Build.0 = Debug|Any CPU
		{CFC80EB8-B299-47F2-8B7B-74D34D7F23D0}.Debug|x86.ActiveCfg = Debug|Any CPU
		{CFC80EB8-B299-47F2-8B7B-74D34D7F23D0}.Debug|x86.Build.0 = Debug|Any CPU
		{CFC80EB8-B299-47F2-8B7B-74D34D7F23D0}.Release|Any CPU.ActiveCfg = Release|Any CPU
		{CFC80EB8-B299-47F2-8B7B-74D34D7F23D0}.Release|Any CPU.Build.0 = Release|Any CPU
		{CFC80EB8-B299-47F2-8B7B-74D34D7F23D0}.Release|x64.ActiveCfg = Release|Any CPU
		{CFC80EB8-B299-47F2-8B7B-74D34D7F23D0}.Release|x64.Build.0 = Release|Any CPU
		{CFC80EB8-B299-47F2-8B7B-74D34D7F23D0}.Release|x86.ActiveCfg = Release|Any CPU
		{CFC80EB8-B299-47F2-8B7B-74D34D7F23D0}.Release|x86.Build.0 = Release|Any CPU
		{0CFD54D6-D6CC-42F0-BDD0-6AF94B95ADA1}.Debug|Any CPU.ActiveCfg = Debug|Any CPU
		{0CFD54D6-D6CC-42F0-BDD0-6AF94B95ADA1}.Debug|Any CPU.Build.0 = Debug|Any CPU
		{0CFD54D6-D6CC-42F0-BDD0-6AF94B95ADA1}.Debug|x64.ActiveCfg = Debug|Any CPU
		{0CFD54D6-D6CC-42F0-BDD0-6AF94B95ADA1}.Debug|x64.Build.0 = Debug|Any CPU
		{0CFD54D6-D6CC-42F0-BDD0-6AF94B95ADA1}.Debug|x86.ActiveCfg = Debug|Any CPU
		{0CFD54D6-D6CC-42F0-BDD0-6AF94B95ADA1}.Debug|x86.Build.0 = Debug|Any CPU
		{0CFD54D6-D6CC-42F0-BDD0-6AF94B95ADA1}.Release|Any CPU.ActiveCfg = Release|Any CPU
		{0CFD54D6-D6CC-42F0-BDD0-6AF94B95ADA1}.Release|Any CPU.Build.0 = Release|Any CPU
		{0CFD54D6-D6CC-42F0-BDD0-6AF94B95ADA1}.Release|x64.ActiveCfg = Release|Any CPU
		{0CFD54D6-D6CC-42F0-BDD0-6AF94B95ADA1}.Release|x64.Build.0 = Release|Any CPU
		{0CFD54D6-D6CC-42F0-BDD0-6AF94B95ADA1}.Release|x86.ActiveCfg = Release|Any CPU
		{0CFD54D6-D6CC-42F0-BDD0-6AF94B95ADA1}.Release|x86.Build.0 = Release|Any CPU
		{7A6F2369-53CE-4C8B-9FD8-3BAA0D5719E4}.Debug|Any CPU.ActiveCfg = Debug|Any CPU
		{7A6F2369-53CE-4C8B-9FD8-3BAA0D5719E4}.Debug|Any CPU.Build.0 = Debug|Any CPU
		{7A6F2369-53CE-4C8B-9FD8-3BAA0D5719E4}.Debug|x64.ActiveCfg = Debug|Any CPU
		{7A6F2369-53CE-4C8B-9FD8-3BAA0D5719E4}.Debug|x64.Build.0 = Debug|Any CPU
		{7A6F2369-53CE-4C8B-9FD8-3BAA0D5719E4}.Debug|x86.ActiveCfg = Debug|Any CPU
		{7A6F2369-53CE-4C8B-9FD8-3BAA0D5719E4}.Debug|x86.Build.0 = Debug|Any CPU
		{7A6F2369-53CE-4C8B-9FD8-3BAA0D5719E4}.Release|Any CPU.ActiveCfg = Release|Any CPU
		{7A6F2369-53CE-4C8B-9FD8-3BAA0D5719E4}.Release|Any CPU.Build.0 = Release|Any CPU
		{7A6F2369-53CE-4C8B-9FD8-3BAA0D5719E4}.Release|x64.ActiveCfg = Release|Any CPU
		{7A6F2369-53CE-4C8B-9FD8-3BAA0D5719E4}.Release|x64.Build.0 = Release|Any CPU
		{7A6F2369-53CE-4C8B-9FD8-3BAA0D5719E4}.Release|x86.ActiveCfg = Release|Any CPU
		{7A6F2369-53CE-4C8B-9FD8-3BAA0D5719E4}.Release|x86.Build.0 = Release|Any CPU
		{E1D6D5B0-C90D-4F4C-B381-66AC0D3DAA57}.Debug|Any CPU.ActiveCfg = Debug|Any CPU
		{E1D6D5B0-C90D-4F4C-B381-66AC0D3DAA57}.Debug|Any CPU.Build.0 = Debug|Any CPU
		{E1D6D5B0-C90D-4F4C-B381-66AC0D3DAA57}.Debug|x64.ActiveCfg = Debug|Any CPU
		{E1D6D5B0-C90D-4F4C-B381-66AC0D3DAA57}.Debug|x64.Build.0 = Debug|Any CPU
		{E1D6D5B0-C90D-4F4C-B381-66AC0D3DAA57}.Debug|x86.ActiveCfg = Debug|Any CPU
		{E1D6D5B0-C90D-4F4C-B381-66AC0D3DAA57}.Debug|x86.Build.0 = Debug|Any CPU
		{E1D6D5B0-C90D-4F4C-B381-66AC0D3DAA57}.Release|Any CPU.ActiveCfg = Release|Any CPU
		{E1D6D5B0-C90D-4F4C-B381-66AC0D3DAA57}.Release|Any CPU.Build.0 = Release|Any CPU
		{E1D6D5B0-C90D-4F4C-B381-66AC0D3DAA57}.Release|x64.ActiveCfg = Release|Any CPU
		{E1D6D5B0-C90D-4F4C-B381-66AC0D3DAA57}.Release|x64.Build.0 = Release|Any CPU
		{E1D6D5B0-C90D-4F4C-B381-66AC0D3DAA57}.Release|x86.ActiveCfg = Release|Any CPU
		{E1D6D5B0-C90D-4F4C-B381-66AC0D3DAA57}.Release|x86.Build.0 = Release|Any CPU
		{A71320AC-7146-40F7-860B-C11D7C72CDD8}.Debug|Any CPU.ActiveCfg = Debug|Any CPU
		{A71320AC-7146-40F7-860B-C11D7C72CDD8}.Debug|Any CPU.Build.0 = Debug|Any CPU
		{A71320AC-7146-40F7-860B-C11D7C72CDD8}.Debug|x64.ActiveCfg = Debug|Any CPU
		{A71320AC-7146-40F7-860B-C11D7C72CDD8}.Debug|x64.Build.0 = Debug|Any CPU
		{A71320AC-7146-40F7-860B-C11D7C72CDD8}.Debug|x86.ActiveCfg = Debug|Any CPU
		{A71320AC-7146-40F7-860B-C11D7C72CDD8}.Debug|x86.Build.0 = Debug|Any CPU
		{A71320AC-7146-40F7-860B-C11D7C72CDD8}.Release|Any CPU.ActiveCfg = Release|Any CPU
		{A71320AC-7146-40F7-860B-C11D7C72CDD8}.Release|Any CPU.Build.0 = Release|Any CPU
		{A71320AC-7146-40F7-860B-C11D7C72CDD8}.Release|x64.ActiveCfg = Release|Any CPU
		{A71320AC-7146-40F7-860B-C11D7C72CDD8}.Release|x64.Build.0 = Release|Any CPU
		{A71320AC-7146-40F7-860B-C11D7C72CDD8}.Release|x86.ActiveCfg = Release|Any CPU
		{A71320AC-7146-40F7-860B-C11D7C72CDD8}.Release|x86.Build.0 = Release|Any CPU
		{E4EAF4AD-7EDC-43B7-AAF7-4647CE260710}.Debug|Any CPU.ActiveCfg = Debug|Any CPU
		{E4EAF4AD-7EDC-43B7-AAF7-4647CE260710}.Debug|Any CPU.Build.0 = Debug|Any CPU
		{E4EAF4AD-7EDC-43B7-AAF7-4647CE260710}.Debug|x64.ActiveCfg = Debug|Any CPU
		{E4EAF4AD-7EDC-43B7-AAF7-4647CE260710}.Debug|x64.Build.0 = Debug|Any CPU
		{E4EAF4AD-7EDC-43B7-AAF7-4647CE260710}.Debug|x86.ActiveCfg = Debug|Any CPU
		{E4EAF4AD-7EDC-43B7-AAF7-4647CE260710}.Debug|x86.Build.0 = Debug|Any CPU
		{E4EAF4AD-7EDC-43B7-AAF7-4647CE260710}.Release|Any CPU.ActiveCfg = Release|Any CPU
		{E4EAF4AD-7EDC-43B7-AAF7-4647CE260710}.Release|Any CPU.Build.0 = Release|Any CPU
		{E4EAF4AD-7EDC-43B7-AAF7-4647CE260710}.Release|x64.ActiveCfg = Release|Any CPU
		{E4EAF4AD-7EDC-43B7-AAF7-4647CE260710}.Release|x64.Build.0 = Release|Any CPU
		{E4EAF4AD-7EDC-43B7-AAF7-4647CE260710}.Release|x86.ActiveCfg = Release|Any CPU
		{E4EAF4AD-7EDC-43B7-AAF7-4647CE260710}.Release|x86.Build.0 = Release|Any CPU
		{EFD9D298-A0FA-4FB5-BBD9-F2EEB9830892}.Debug|Any CPU.ActiveCfg = Debug|Any CPU
		{EFD9D298-A0FA-4FB5-BBD9-F2EEB9830892}.Debug|Any CPU.Build.0 = Debug|Any CPU
		{EFD9D298-A0FA-4FB5-BBD9-F2EEB9830892}.Debug|x64.ActiveCfg = Debug|Any CPU
		{EFD9D298-A0FA-4FB5-BBD9-F2EEB9830892}.Debug|x64.Build.0 = Debug|Any CPU
		{EFD9D298-A0FA-4FB5-BBD9-F2EEB9830892}.Debug|x86.ActiveCfg = Debug|Any CPU
		{EFD9D298-A0FA-4FB5-BBD9-F2EEB9830892}.Debug|x86.Build.0 = Debug|Any CPU
		{EFD9D298-A0FA-4FB5-BBD9-F2EEB9830892}.Release|Any CPU.ActiveCfg = Release|Any CPU
		{EFD9D298-A0FA-4FB5-BBD9-F2EEB9830892}.Release|Any CPU.Build.0 = Release|Any CPU
		{EFD9D298-A0FA-4FB5-BBD9-F2EEB9830892}.Release|x64.ActiveCfg = Release|Any CPU
		{EFD9D298-A0FA-4FB5-BBD9-F2EEB9830892}.Release|x64.Build.0 = Release|Any CPU
		{EFD9D298-A0FA-4FB5-BBD9-F2EEB9830892}.Release|x86.ActiveCfg = Release|Any CPU
		{EFD9D298-A0FA-4FB5-BBD9-F2EEB9830892}.Release|x86.Build.0 = Release|Any CPU
		{CF12AE37-2D72-4E05-B7BC-96422F82168B}.Debug|Any CPU.ActiveCfg = Debug|Any CPU
		{CF12AE37-2D72-4E05-B7BC-96422F82168B}.Debug|Any CPU.Build.0 = Debug|Any CPU
		{CF12AE37-2D72-4E05-B7BC-96422F82168B}.Debug|x64.ActiveCfg = Debug|Any CPU
		{CF12AE37-2D72-4E05-B7BC-96422F82168B}.Debug|x64.Build.0 = Debug|Any CPU
		{CF12AE37-2D72-4E05-B7BC-96422F82168B}.Debug|x86.ActiveCfg = Debug|Any CPU
		{CF12AE37-2D72-4E05-B7BC-96422F82168B}.Debug|x86.Build.0 = Debug|Any CPU
		{CF12AE37-2D72-4E05-B7BC-96422F82168B}.Release|Any CPU.ActiveCfg = Release|Any CPU
		{CF12AE37-2D72-4E05-B7BC-96422F82168B}.Release|Any CPU.Build.0 = Release|Any CPU
		{CF12AE37-2D72-4E05-B7BC-96422F82168B}.Release|x64.ActiveCfg = Release|Any CPU
		{CF12AE37-2D72-4E05-B7BC-96422F82168B}.Release|x64.Build.0 = Release|Any CPU
		{CF12AE37-2D72-4E05-B7BC-96422F82168B}.Release|x86.ActiveCfg = Release|Any CPU
		{CF12AE37-2D72-4E05-B7BC-96422F82168B}.Release|x86.Build.0 = Release|Any CPU
		{06CCF361-32BB-4DE8-A585-D3BA0E87157C}.Debug|Any CPU.ActiveCfg = Debug|Any CPU
		{06CCF361-32BB-4DE8-A585-D3BA0E87157C}.Debug|Any CPU.Build.0 = Debug|Any CPU
		{06CCF361-32BB-4DE8-A585-D3BA0E87157C}.Debug|x64.ActiveCfg = Debug|Any CPU
		{06CCF361-32BB-4DE8-A585-D3BA0E87157C}.Debug|x64.Build.0 = Debug|Any CPU
		{06CCF361-32BB-4DE8-A585-D3BA0E87157C}.Debug|x86.ActiveCfg = Debug|Any CPU
		{06CCF361-32BB-4DE8-A585-D3BA0E87157C}.Debug|x86.Build.0 = Debug|Any CPU
		{06CCF361-32BB-4DE8-A585-D3BA0E87157C}.Release|Any CPU.ActiveCfg = Release|Any CPU
		{06CCF361-32BB-4DE8-A585-D3BA0E87157C}.Release|Any CPU.Build.0 = Release|Any CPU
		{06CCF361-32BB-4DE8-A585-D3BA0E87157C}.Release|x64.ActiveCfg = Release|Any CPU
		{06CCF361-32BB-4DE8-A585-D3BA0E87157C}.Release|x64.Build.0 = Release|Any CPU
		{06CCF361-32BB-4DE8-A585-D3BA0E87157C}.Release|x86.ActiveCfg = Release|Any CPU
		{06CCF361-32BB-4DE8-A585-D3BA0E87157C}.Release|x86.Build.0 = Release|Any CPU
		{948CC17A-CCFC-4D4F-860C-14FC656DC7BA}.Debug|Any CPU.ActiveCfg = Debug|Any CPU
		{948CC17A-CCFC-4D4F-860C-14FC656DC7BA}.Debug|Any CPU.Build.0 = Debug|Any CPU
		{948CC17A-CCFC-4D4F-860C-14FC656DC7BA}.Debug|x64.ActiveCfg = Debug|Any CPU
		{948CC17A-CCFC-4D4F-860C-14FC656DC7BA}.Debug|x64.Build.0 = Debug|Any CPU
		{948CC17A-CCFC-4D4F-860C-14FC656DC7BA}.Debug|x86.ActiveCfg = Debug|Any CPU
		{948CC17A-CCFC-4D4F-860C-14FC656DC7BA}.Debug|x86.Build.0 = Debug|Any CPU
		{948CC17A-CCFC-4D4F-860C-14FC656DC7BA}.Release|Any CPU.ActiveCfg = Release|Any CPU
		{948CC17A-CCFC-4D4F-860C-14FC656DC7BA}.Release|Any CPU.Build.0 = Release|Any CPU
		{948CC17A-CCFC-4D4F-860C-14FC656DC7BA}.Release|x64.ActiveCfg = Release|Any CPU
		{948CC17A-CCFC-4D4F-860C-14FC656DC7BA}.Release|x64.Build.0 = Release|Any CPU
		{948CC17A-CCFC-4D4F-860C-14FC656DC7BA}.Release|x86.ActiveCfg = Release|Any CPU
		{948CC17A-CCFC-4D4F-860C-14FC656DC7BA}.Release|x86.Build.0 = Release|Any CPU
		{CBF68F36-7FA3-4D8C-A3C3-B8173E700579}.Debug|Any CPU.ActiveCfg = Debug|Any CPU
		{CBF68F36-7FA3-4D8C-A3C3-B8173E700579}.Debug|Any CPU.Build.0 = Debug|Any CPU
		{CBF68F36-7FA3-4D8C-A3C3-B8173E700579}.Debug|x64.ActiveCfg = Debug|Any CPU
		{CBF68F36-7FA3-4D8C-A3C3-B8173E700579}.Debug|x64.Build.0 = Debug|Any CPU
		{CBF68F36-7FA3-4D8C-A3C3-B8173E700579}.Debug|x86.ActiveCfg = Debug|Any CPU
		{CBF68F36-7FA3-4D8C-A3C3-B8173E700579}.Debug|x86.Build.0 = Debug|Any CPU
		{CBF68F36-7FA3-4D8C-A3C3-B8173E700579}.Release|Any CPU.ActiveCfg = Release|Any CPU
		{CBF68F36-7FA3-4D8C-A3C3-B8173E700579}.Release|Any CPU.Build.0 = Release|Any CPU
		{CBF68F36-7FA3-4D8C-A3C3-B8173E700579}.Release|x64.ActiveCfg = Release|Any CPU
		{CBF68F36-7FA3-4D8C-A3C3-B8173E700579}.Release|x64.Build.0 = Release|Any CPU
		{CBF68F36-7FA3-4D8C-A3C3-B8173E700579}.Release|x86.ActiveCfg = Release|Any CPU
		{CBF68F36-7FA3-4D8C-A3C3-B8173E700579}.Release|x86.Build.0 = Release|Any CPU
		{C13D31BF-3AEC-47F2-B509-E350A3AF5795}.Debug|Any CPU.ActiveCfg = Debug|Any CPU
		{C13D31BF-3AEC-47F2-B509-E350A3AF5795}.Debug|Any CPU.Build.0 = Debug|Any CPU
		{C13D31BF-3AEC-47F2-B509-E350A3AF5795}.Debug|x64.ActiveCfg = Debug|Any CPU
		{C13D31BF-3AEC-47F2-B509-E350A3AF5795}.Debug|x64.Build.0 = Debug|Any CPU
		{C13D31BF-3AEC-47F2-B509-E350A3AF5795}.Debug|x86.ActiveCfg = Debug|Any CPU
		{C13D31BF-3AEC-47F2-B509-E350A3AF5795}.Debug|x86.Build.0 = Debug|Any CPU
		{C13D31BF-3AEC-47F2-B509-E350A3AF5795}.Release|Any CPU.ActiveCfg = Release|Any CPU
		{C13D31BF-3AEC-47F2-B509-E350A3AF5795}.Release|Any CPU.Build.0 = Release|Any CPU
		{C13D31BF-3AEC-47F2-B509-E350A3AF5795}.Release|x64.ActiveCfg = Release|Any CPU
		{C13D31BF-3AEC-47F2-B509-E350A3AF5795}.Release|x64.Build.0 = Release|Any CPU
		{C13D31BF-3AEC-47F2-B509-E350A3AF5795}.Release|x86.ActiveCfg = Release|Any CPU
		{C13D31BF-3AEC-47F2-B509-E350A3AF5795}.Release|x86.Build.0 = Release|Any CPU
		{655DB75F-A56A-40D8-AA86-D646D44081D0}.Debug|Any CPU.ActiveCfg = Debug|Any CPU
		{655DB75F-A56A-40D8-AA86-D646D44081D0}.Debug|Any CPU.Build.0 = Debug|Any CPU
		{655DB75F-A56A-40D8-AA86-D646D44081D0}.Debug|x64.ActiveCfg = Debug|Any CPU
		{655DB75F-A56A-40D8-AA86-D646D44081D0}.Debug|x64.Build.0 = Debug|Any CPU
		{655DB75F-A56A-40D8-AA86-D646D44081D0}.Debug|x86.ActiveCfg = Debug|Any CPU
		{655DB75F-A56A-40D8-AA86-D646D44081D0}.Debug|x86.Build.0 = Debug|Any CPU
		{655DB75F-A56A-40D8-AA86-D646D44081D0}.Release|Any CPU.ActiveCfg = Release|Any CPU
		{655DB75F-A56A-40D8-AA86-D646D44081D0}.Release|Any CPU.Build.0 = Release|Any CPU
		{655DB75F-A56A-40D8-AA86-D646D44081D0}.Release|x64.ActiveCfg = Release|Any CPU
		{655DB75F-A56A-40D8-AA86-D646D44081D0}.Release|x64.Build.0 = Release|Any CPU
		{655DB75F-A56A-40D8-AA86-D646D44081D0}.Release|x86.ActiveCfg = Release|Any CPU
		{655DB75F-A56A-40D8-AA86-D646D44081D0}.Release|x86.Build.0 = Release|Any CPU
		{384664A7-6BDF-43B3-A70D-743F11FA4A5E}.Debug|Any CPU.ActiveCfg = Debug|Any CPU
		{384664A7-6BDF-43B3-A70D-743F11FA4A5E}.Debug|Any CPU.Build.0 = Debug|Any CPU
		{384664A7-6BDF-43B3-A70D-743F11FA4A5E}.Debug|x64.ActiveCfg = Debug|Any CPU
		{384664A7-6BDF-43B3-A70D-743F11FA4A5E}.Debug|x64.Build.0 = Debug|Any CPU
		{384664A7-6BDF-43B3-A70D-743F11FA4A5E}.Debug|x86.ActiveCfg = Debug|Any CPU
		{384664A7-6BDF-43B3-A70D-743F11FA4A5E}.Debug|x86.Build.0 = Debug|Any CPU
		{384664A7-6BDF-43B3-A70D-743F11FA4A5E}.Release|Any CPU.ActiveCfg = Release|Any CPU
		{384664A7-6BDF-43B3-A70D-743F11FA4A5E}.Release|Any CPU.Build.0 = Release|Any CPU
		{384664A7-6BDF-43B3-A70D-743F11FA4A5E}.Release|x64.ActiveCfg = Release|Any CPU
		{384664A7-6BDF-43B3-A70D-743F11FA4A5E}.Release|x64.Build.0 = Release|Any CPU
		{384664A7-6BDF-43B3-A70D-743F11FA4A5E}.Release|x86.ActiveCfg = Release|Any CPU
		{384664A7-6BDF-43B3-A70D-743F11FA4A5E}.Release|x86.Build.0 = Release|Any CPU
		{480C0786-6333-4A82-A3BE-01609F0F3001}.Debug|Any CPU.ActiveCfg = Debug|Any CPU
		{480C0786-6333-4A82-A3BE-01609F0F3001}.Debug|Any CPU.Build.0 = Debug|Any CPU
		{480C0786-6333-4A82-A3BE-01609F0F3001}.Debug|x64.ActiveCfg = Debug|Any CPU
		{480C0786-6333-4A82-A3BE-01609F0F3001}.Debug|x64.Build.0 = Debug|Any CPU
		{480C0786-6333-4A82-A3BE-01609F0F3001}.Debug|x86.ActiveCfg = Debug|Any CPU
		{480C0786-6333-4A82-A3BE-01609F0F3001}.Debug|x86.Build.0 = Debug|Any CPU
		{480C0786-6333-4A82-A3BE-01609F0F3001}.Release|Any CPU.ActiveCfg = Release|Any CPU
		{480C0786-6333-4A82-A3BE-01609F0F3001}.Release|Any CPU.Build.0 = Release|Any CPU
		{480C0786-6333-4A82-A3BE-01609F0F3001}.Release|x64.ActiveCfg = Release|Any CPU
		{480C0786-6333-4A82-A3BE-01609F0F3001}.Release|x64.Build.0 = Release|Any CPU
		{480C0786-6333-4A82-A3BE-01609F0F3001}.Release|x86.ActiveCfg = Release|Any CPU
		{480C0786-6333-4A82-A3BE-01609F0F3001}.Release|x86.Build.0 = Release|Any CPU
		{AB887F39-C659-4002-9BD8-4A93E306E862}.Debug|Any CPU.ActiveCfg = Debug|Any CPU
		{AB887F39-C659-4002-9BD8-4A93E306E862}.Debug|Any CPU.Build.0 = Debug|Any CPU
		{AB887F39-C659-4002-9BD8-4A93E306E862}.Debug|x64.ActiveCfg = Debug|Any CPU
		{AB887F39-C659-4002-9BD8-4A93E306E862}.Debug|x64.Build.0 = Debug|Any CPU
		{AB887F39-C659-4002-9BD8-4A93E306E862}.Debug|x86.ActiveCfg = Debug|Any CPU
		{AB887F39-C659-4002-9BD8-4A93E306E862}.Debug|x86.Build.0 = Debug|Any CPU
		{AB887F39-C659-4002-9BD8-4A93E306E862}.Release|Any CPU.ActiveCfg = Release|Any CPU
		{AB887F39-C659-4002-9BD8-4A93E306E862}.Release|Any CPU.Build.0 = Release|Any CPU
		{AB887F39-C659-4002-9BD8-4A93E306E862}.Release|x64.ActiveCfg = Release|Any CPU
		{AB887F39-C659-4002-9BD8-4A93E306E862}.Release|x64.Build.0 = Release|Any CPU
		{AB887F39-C659-4002-9BD8-4A93E306E862}.Release|x86.ActiveCfg = Release|Any CPU
		{AB887F39-C659-4002-9BD8-4A93E306E862}.Release|x86.Build.0 = Release|Any CPU
		{E0D4C9EF-DF00-4060-B6D8-E88DA9833DB8}.Debug|Any CPU.ActiveCfg = Debug|Any CPU
		{E0D4C9EF-DF00-4060-B6D8-E88DA9833DB8}.Debug|Any CPU.Build.0 = Debug|Any CPU
		{E0D4C9EF-DF00-4060-B6D8-E88DA9833DB8}.Debug|x64.ActiveCfg = Debug|Any CPU
		{E0D4C9EF-DF00-4060-B6D8-E88DA9833DB8}.Debug|x64.Build.0 = Debug|Any CPU
		{E0D4C9EF-DF00-4060-B6D8-E88DA9833DB8}.Debug|x86.ActiveCfg = Debug|Any CPU
		{E0D4C9EF-DF00-4060-B6D8-E88DA9833DB8}.Debug|x86.Build.0 = Debug|Any CPU
		{E0D4C9EF-DF00-4060-B6D8-E88DA9833DB8}.Release|Any CPU.ActiveCfg = Release|Any CPU
		{E0D4C9EF-DF00-4060-B6D8-E88DA9833DB8}.Release|Any CPU.Build.0 = Release|Any CPU
		{E0D4C9EF-DF00-4060-B6D8-E88DA9833DB8}.Release|x64.ActiveCfg = Release|Any CPU
		{E0D4C9EF-DF00-4060-B6D8-E88DA9833DB8}.Release|x64.Build.0 = Release|Any CPU
		{E0D4C9EF-DF00-4060-B6D8-E88DA9833DB8}.Release|x86.ActiveCfg = Release|Any CPU
		{E0D4C9EF-DF00-4060-B6D8-E88DA9833DB8}.Release|x86.Build.0 = Release|Any CPU
		{867E7DF8-6E6F-4941-AD06-D38C75274CCC}.Debug|Any CPU.ActiveCfg = Debug|Any CPU
		{867E7DF8-6E6F-4941-AD06-D38C75274CCC}.Debug|Any CPU.Build.0 = Debug|Any CPU
		{867E7DF8-6E6F-4941-AD06-D38C75274CCC}.Debug|x64.ActiveCfg = Debug|Any CPU
		{867E7DF8-6E6F-4941-AD06-D38C75274CCC}.Debug|x64.Build.0 = Debug|Any CPU
		{867E7DF8-6E6F-4941-AD06-D38C75274CCC}.Debug|x86.ActiveCfg = Debug|Any CPU
		{867E7DF8-6E6F-4941-AD06-D38C75274CCC}.Debug|x86.Build.0 = Debug|Any CPU
		{867E7DF8-6E6F-4941-AD06-D38C75274CCC}.Release|Any CPU.ActiveCfg = Release|Any CPU
		{867E7DF8-6E6F-4941-AD06-D38C75274CCC}.Release|Any CPU.Build.0 = Release|Any CPU
		{867E7DF8-6E6F-4941-AD06-D38C75274CCC}.Release|x64.ActiveCfg = Release|Any CPU
		{867E7DF8-6E6F-4941-AD06-D38C75274CCC}.Release|x64.Build.0 = Release|Any CPU
		{867E7DF8-6E6F-4941-AD06-D38C75274CCC}.Release|x86.ActiveCfg = Release|Any CPU
		{867E7DF8-6E6F-4941-AD06-D38C75274CCC}.Release|x86.Build.0 = Release|Any CPU
		{A4E5742D-A90D-45E8-B762-CF2073785AAB}.Debug|Any CPU.ActiveCfg = Debug|Any CPU
		{A4E5742D-A90D-45E8-B762-CF2073785AAB}.Debug|Any CPU.Build.0 = Debug|Any CPU
		{A4E5742D-A90D-45E8-B762-CF2073785AAB}.Debug|x64.ActiveCfg = Debug|Any CPU
		{A4E5742D-A90D-45E8-B762-CF2073785AAB}.Debug|x64.Build.0 = Debug|Any CPU
		{A4E5742D-A90D-45E8-B762-CF2073785AAB}.Debug|x86.ActiveCfg = Debug|Any CPU
		{A4E5742D-A90D-45E8-B762-CF2073785AAB}.Debug|x86.Build.0 = Debug|Any CPU
		{A4E5742D-A90D-45E8-B762-CF2073785AAB}.Release|Any CPU.ActiveCfg = Release|Any CPU
		{A4E5742D-A90D-45E8-B762-CF2073785AAB}.Release|Any CPU.Build.0 = Release|Any CPU
		{A4E5742D-A90D-45E8-B762-CF2073785AAB}.Release|x64.ActiveCfg = Release|Any CPU
		{A4E5742D-A90D-45E8-B762-CF2073785AAB}.Release|x64.Build.0 = Release|Any CPU
		{A4E5742D-A90D-45E8-B762-CF2073785AAB}.Release|x86.ActiveCfg = Release|Any CPU
		{A4E5742D-A90D-45E8-B762-CF2073785AAB}.Release|x86.Build.0 = Release|Any CPU
		{B6775CFB-4344-4C0A-A080-A4DA7BD71E63}.Debug|Any CPU.ActiveCfg = Debug|Any CPU
		{B6775CFB-4344-4C0A-A080-A4DA7BD71E63}.Debug|Any CPU.Build.0 = Debug|Any CPU
		{B6775CFB-4344-4C0A-A080-A4DA7BD71E63}.Debug|x64.ActiveCfg = Debug|Any CPU
		{B6775CFB-4344-4C0A-A080-A4DA7BD71E63}.Debug|x64.Build.0 = Debug|Any CPU
		{B6775CFB-4344-4C0A-A080-A4DA7BD71E63}.Debug|x86.ActiveCfg = Debug|Any CPU
		{B6775CFB-4344-4C0A-A080-A4DA7BD71E63}.Debug|x86.Build.0 = Debug|Any CPU
		{B6775CFB-4344-4C0A-A080-A4DA7BD71E63}.Release|Any CPU.ActiveCfg = Release|Any CPU
		{B6775CFB-4344-4C0A-A080-A4DA7BD71E63}.Release|Any CPU.Build.0 = Release|Any CPU
		{B6775CFB-4344-4C0A-A080-A4DA7BD71E63}.Release|x64.ActiveCfg = Release|Any CPU
		{B6775CFB-4344-4C0A-A080-A4DA7BD71E63}.Release|x64.Build.0 = Release|Any CPU
		{B6775CFB-4344-4C0A-A080-A4DA7BD71E63}.Release|x86.ActiveCfg = Release|Any CPU
		{B6775CFB-4344-4C0A-A080-A4DA7BD71E63}.Release|x86.Build.0 = Release|Any CPU
		{BD4C598E-6EF0-4447-8BC7-5D8EA4942AD8}.Debug|Any CPU.ActiveCfg = Debug|Any CPU
		{BD4C598E-6EF0-4447-8BC7-5D8EA4942AD8}.Debug|Any CPU.Build.0 = Debug|Any CPU
		{BD4C598E-6EF0-4447-8BC7-5D8EA4942AD8}.Debug|x64.ActiveCfg = Debug|Any CPU
		{BD4C598E-6EF0-4447-8BC7-5D8EA4942AD8}.Debug|x64.Build.0 = Debug|Any CPU
		{BD4C598E-6EF0-4447-8BC7-5D8EA4942AD8}.Debug|x86.ActiveCfg = Debug|Any CPU
		{BD4C598E-6EF0-4447-8BC7-5D8EA4942AD8}.Debug|x86.Build.0 = Debug|Any CPU
		{BD4C598E-6EF0-4447-8BC7-5D8EA4942AD8}.Release|Any CPU.ActiveCfg = Release|Any CPU
		{BD4C598E-6EF0-4447-8BC7-5D8EA4942AD8}.Release|Any CPU.Build.0 = Release|Any CPU
		{BD4C598E-6EF0-4447-8BC7-5D8EA4942AD8}.Release|x64.ActiveCfg = Release|Any CPU
		{BD4C598E-6EF0-4447-8BC7-5D8EA4942AD8}.Release|x64.Build.0 = Release|Any CPU
		{BD4C598E-6EF0-4447-8BC7-5D8EA4942AD8}.Release|x86.ActiveCfg = Release|Any CPU
		{BD4C598E-6EF0-4447-8BC7-5D8EA4942AD8}.Release|x86.Build.0 = Release|Any CPU
		{33A70527-76E2-4D4B-B4F3-ADBD76F26E64}.Debug|Any CPU.ActiveCfg = Debug|Any CPU
		{33A70527-76E2-4D4B-B4F3-ADBD76F26E64}.Debug|Any CPU.Build.0 = Debug|Any CPU
		{33A70527-76E2-4D4B-B4F3-ADBD76F26E64}.Debug|x64.ActiveCfg = Debug|Any CPU
		{33A70527-76E2-4D4B-B4F3-ADBD76F26E64}.Debug|x64.Build.0 = Debug|Any CPU
		{33A70527-76E2-4D4B-B4F3-ADBD76F26E64}.Debug|x86.ActiveCfg = Debug|Any CPU
		{33A70527-76E2-4D4B-B4F3-ADBD76F26E64}.Debug|x86.Build.0 = Debug|Any CPU
		{33A70527-76E2-4D4B-B4F3-ADBD76F26E64}.Release|Any CPU.ActiveCfg = Release|Any CPU
		{33A70527-76E2-4D4B-B4F3-ADBD76F26E64}.Release|Any CPU.Build.0 = Release|Any CPU
		{33A70527-76E2-4D4B-B4F3-ADBD76F26E64}.Release|x64.ActiveCfg = Release|Any CPU
		{33A70527-76E2-4D4B-B4F3-ADBD76F26E64}.Release|x64.Build.0 = Release|Any CPU
		{33A70527-76E2-4D4B-B4F3-ADBD76F26E64}.Release|x86.ActiveCfg = Release|Any CPU
		{33A70527-76E2-4D4B-B4F3-ADBD76F26E64}.Release|x86.Build.0 = Release|Any CPU
	EndGlobalSection
	GlobalSection(SolutionProperties) = preSolution
		HideSolutionNode = FALSE
	EndGlobalSection
	GlobalSection(NestedProjects) = preSolution
		{3145C48C-6F6F-4B20-BC1B-9126308A4331} = {827E0CD3-B72D-47B6-A68D-7590B98EB39B}
		{38CE42B3-8211-4643-95AA-01C7FD25C7E9} = {827E0CD3-B72D-47B6-A68D-7590B98EB39B}
		{C1060877-6706-4021-A619-EC7E41A66EEE} = {827E0CD3-B72D-47B6-A68D-7590B98EB39B}
		{EC766581-A26B-4A3E-804B-A088DF7663BE} = {827E0CD3-B72D-47B6-A68D-7590B98EB39B}
		{CFC80EB8-B299-47F2-8B7B-74D34D7F23D0} = {827E0CD3-B72D-47B6-A68D-7590B98EB39B}
		{0CFD54D6-D6CC-42F0-BDD0-6AF94B95ADA1} = {827E0CD3-B72D-47B6-A68D-7590B98EB39B}
		{7A6F2369-53CE-4C8B-9FD8-3BAA0D5719E4} = {827E0CD3-B72D-47B6-A68D-7590B98EB39B}
		{E1D6D5B0-C90D-4F4C-B381-66AC0D3DAA57} = {827E0CD3-B72D-47B6-A68D-7590B98EB39B}
		{A71320AC-7146-40F7-860B-C11D7C72CDD8} = {0AB3BF05-4346-4AA6-1389-037BE0695223}
		{E4EAF4AD-7EDC-43B7-AAF7-4647CE260710} = {0AB3BF05-4346-4AA6-1389-037BE0695223}
		{EFD9D298-A0FA-4FB5-BBD9-F2EEB9830892} = {0AB3BF05-4346-4AA6-1389-037BE0695223}
		{CF12AE37-2D72-4E05-B7BC-96422F82168B} = {0AB3BF05-4346-4AA6-1389-037BE0695223}
		{06CCF361-32BB-4DE8-A585-D3BA0E87157C} = {827E0CD3-B72D-47B6-A68D-7590B98EB39B}
		{948CC17A-CCFC-4D4F-860C-14FC656DC7BA} = {827E0CD3-B72D-47B6-A68D-7590B98EB39B}
		{CBF68F36-7FA3-4D8C-A3C3-B8173E700579} = {827E0CD3-B72D-47B6-A68D-7590B98EB39B}
		{C13D31BF-3AEC-47F2-B509-E350A3AF5795} = {0AB3BF05-4346-4AA6-1389-037BE0695223}
		{655DB75F-A56A-40D8-AA86-D646D44081D0} = {0AB3BF05-4346-4AA6-1389-037BE0695223}
		{384664A7-6BDF-43B3-A70D-743F11FA4A5E} = {0AB3BF05-4346-4AA6-1389-037BE0695223}
		{480C0786-6333-4A82-A3BE-01609F0F3001} = {36695022-115B-4ABA-B650-0F2673D85EB6}
		{AB887F39-C659-4002-9BD8-4A93E306E862} = {36695022-115B-4ABA-B650-0F2673D85EB6}
		{E0D4C9EF-DF00-4060-B6D8-E88DA9833DB8} = {827E0CD3-B72D-47B6-A68D-7590B98EB39B}
		{867E7DF8-6E6F-4941-AD06-D38C75274CCC} = {0AB3BF05-4346-4AA6-1389-037BE0695223}
		{A4E5742D-A90D-45E8-B762-CF2073785AAB} = {36695022-115B-4ABA-B650-0F2673D85EB6}
		{B6775CFB-4344-4C0A-A080-A4DA7BD71E63} = {827E0CD3-B72D-47B6-A68D-7590B98EB39B}
		{BD4C598E-6EF0-4447-8BC7-5D8EA4942AD8} = {0AB3BF05-4346-4AA6-1389-037BE0695223}
		{33A70527-76E2-4D4B-B4F3-ADBD76F26E64} = {36695022-115B-4ABA-B650-0F2673D85EB6}
	EndGlobalSection
EndGlobal
