
Microsoft Visual Studio Solution File, Format Version 12.00
# Visual Studio Version 17
VisualStudioVersion = 17.0.31903.59
MinimumVisualStudioVersion = 10.0.40219.1
Project("{2150E333-8FDC-42A3-9474-1A3956D46DE8}") = "src", "src", "{827E0CD3-B72D-47B6-A68D-7590B98EB39B}"
EndProject
Project("{FAE04EC0-301F-11D3-BF4B-00C04F79EFBC}") = "Ofdrw.Net.Core", "src\Ofdrw.Net.Core\Ofdrw.Net.Core.csproj", "{3145C48C-6F6F-4B20-BC1B-9126308A4331}"
EndProject
Project("{FAE04EC0-301F-11D3-BF4B-00C04F79EFBC}") = "Ofdrw.Net.Packaging", "src\Ofdrw.Net.Packaging\Ofdrw.Net.Packaging.csproj", "{38CE42B3-8211-4643-95AA-01C7FD25C7E9}"
EndProject
Project("{FAE04EC0-301F-11D3-BF4B-00C04F79EFBC}") = "Ofdrw.Net.Layout", "src\Ofdrw.Net.Layout\Ofdrw.Net.Layout.csproj", "{C1060877-6706-4021-A619-EC7E41A66EEE}"
EndProject
Project("{FAE04EC0-301F-11D3-BF4B-00C04F79EFBC}") = "Ofdrw.Net.Reader", "src\Ofdrw.Net.Reader\Ofdrw.Net.Reader.csproj", "{EC766581-A26B-4A3E-804B-A088DF7663BE}"
EndProject
Project("{FAE04EC0-301F-11D3-BF4B-00C04F79EFBC}") = "Ofdrw.Net.Converter.Abstractions", "src\Ofdrw.Net.Converter.Abstractions\Ofdrw.Net.Converter.Abstractions.csproj", "{CFC80EB8-B299-47F2-8B7B-74D34D7F23D0}"
EndProject
Project("{FAE04EC0-301F-11D3-BF4B-00C04F79EFBC}") = "Ofdrw.Net.Converter.Pdf", "src\Ofdrw.Net.Converter.Pdf\Ofdrw.Net.Converter.Pdf.csproj", "{0CFD54D6-D6CC-42F0-BDD0-6AF94B95ADA1}"
EndProject
Project("{FAE04EC0-301F-11D3-BF4B-00C04F79EFBC}") = "Ofdrw.Net.EmrTechSpec", "src\Ofdrw.Net.EmrTechSpec\Ofdrw.Net.EmrTechSpec.csproj", "{D36638CB-AFA2-45A8-82AD-C166DD872049}"
EndProject
Project("{FAE04EC0-301F-11D3-BF4B-00C04F79EFBC}") = "Ofdrw.Net.Service", "src\Ofdrw.Net.Service\Ofdrw.Net.Service.csproj", "{69951874-E053-43B7-B950-41FEB0896F89}"
EndProject
Project("{2150E333-8FDC-42A3-9474-1A3956D46DE8}") = "tests", "tests", "{0AB3BF05-4346-4AA6-1389-037BE0695223}"
EndProject
Project("{FAE04EC0-301F-11D3-BF4B-00C04F79EFBC}") = "Ofdrw.Net.Core.Tests", "tests\Ofdrw.Net.Core.Tests\Ofdrw.Net.Core.Tests.csproj", "{A71320AC-7146-40F7-860B-C11D7C72CDD8}"
EndProject
Project("{FAE04EC0-301F-11D3-BF4B-00C04F79EFBC}") = "Ofdrw.Net.Packaging.Tests", "tests\Ofdrw.Net.Packaging.Tests\Ofdrw.Net.Packaging.Tests.csproj", "{E4EAF4AD-7EDC-43B7-AAF7-4647CE260710}"
EndProject
Project("{FAE04EC0-301F-11D3-BF4B-00C04F79EFBC}") = "Ofdrw.Net.Converter.Pdf.Tests", "tests\Ofdrw.Net.Converter.Pdf.Tests\Ofdrw.Net.Converter.Pdf.Tests.csproj", "{EFD9D298-A0FA-4FB5-BBD9-F2EEB9830892}"
EndProject
Project("{FAE04EC0-301F-11D3-BF4B-00C04F79EFBC}") = "Ofdrw.Net.EmrTechSpec.Tests", "tests\Ofdrw.Net.EmrTechSpec.Tests\Ofdrw.Net.EmrTechSpec.Tests.csproj", "{5D9A874B-7E19-4D8D-81EC-14250FC6FE88}"
EndProject
Project("{FAE04EC0-301F-11D3-BF4B-00C04F79EFBC}") = "Ofdrw.Net.Service.Tests", "tests\Ofdrw.Net.Service.Tests\Ofdrw.Net.Service.Tests.csproj", "{090A7EE3-96B8-49FB-B08F-4EA3C07B90B5}"
EndProject
Global
	GlobalSection(SolutionConfigurationPlatforms) = preSolution
		Debug|Any CPU = Debug|Any CPU
		Debug|x64 = Debug|x64
		Debug|x86 = Debug|x86
		Release|Any CPU = Release|Any CPU
		Release|x64 = Release|x64
		Release|x86 = Release|x86
	EndGlobalSection
	GlobalSection(ProjectConfigurationPlatforms) = postSolution
		{3145C48C-6F6F-4B20-BC1B-9126308A4331}.Debug|Any CPU.ActiveCfg = Debug|Any CPU
		{3145C48C-6F6F-4B20-BC1B-9126308A4331}.Debug|Any CPU.Build.0 = Debug|Any CPU
		{3145C48C-6F6F-4B20-BC1B-9126308A4331}.Debug|x64.ActiveCfg = Debug|Any CPU
		{3145C48C-6F6F-4B20-BC1B-9126308A4331}.Debug|x64.Build.0 = Debug|Any CPU
		{3145C48C-6F6F-4B20-BC1B-9126308A4331}.Debug|x86.ActiveCfg = Debug|Any CPU
		{3145C48C-6F6F-4B20-BC1B-9126308A4331}.Debug|x86.Build.0 = Debug|Any CPU
		{3145C48C-6F6F-4B20-BC1B-9126308A4331}.Release|Any CPU.ActiveCfg = Release|Any CPU
		{3145C48C-6F6F-4B20-BC1B-9126308A4331}.Release|Any CPU.Build.0 = Release|Any CPU
		{3145C48C-6F6F-4B20-BC1B-9126308A4331}.Release|x64.ActiveCfg = Release|Any CPU
		{3145C48C-6F6F-4B20-BC1B-9126308A4331}.Release|x64.Build.0 = Release|Any CPU
		{3145C48C-6F6F-4B20-BC1B-9126308A4331}.Release|x86.ActiveCfg = Release|Any CPU
		{3145C48C-6F6F-4B20-BC1B-9126308A4331}.Release|x86.Build.0 = Release|Any CPU
		{38CE42B3-8211-4643-95AA-01C7FD25C7E9}.Debug|Any CPU.ActiveCfg = Debug|Any CPU
		{38CE42B3-8211-4643-95AA-01C7FD25C7E9}.Debug|Any CPU.Build.0 = Debug|Any CPU
		{38CE42B3-8211-4643-95AA-01C7FD25C7E9}.Debug|x64.ActiveCfg = Debug|Any CPU
		{38CE42B3-8211-4643-95AA-01C7FD25C7E9}.Debug|x64.Build.0 = Debug|Any CPU
		{38CE42B3-8211-4643-95AA-01C7FD25C7E9}.Debug|x86.ActiveCfg = Debug|Any CPU
		{38CE42B3-8211-4643-95AA-01C7FD25C7E9}.Debug|x86.Build.0 = Debug|Any CPU
		{38CE42B3-8211-4643-95AA-01C7FD25C7E9}.Release|Any CPU.ActiveCfg = Release|Any CPU
		{38CE42B3-8211-4643-95AA-01C7FD25C7E9}.Release|Any CPU.Build.0 = Release|Any CPU
		{38CE42B3-8211-4643-95AA-01C7FD25C7E9}.Release|x64.ActiveCfg = Release|Any CPU
		{38CE42B3-8211-4643-95AA-01C7FD25C7E9}.Release|x64.Build.0 = Release|Any CPU
		{38CE42B3-8211-4643-95AA-01C7FD25C7E9}.Release|x86.ActiveCfg = Release|Any CPU
		{38CE42B3-8211-4643-95AA-01C7FD25C7E9}.Release|x86.Build.0 = Release|Any CPU
		{C1060877-6706-4021-A619-EC7E41A66EEE}.Debug|Any CPU.ActiveCfg = Debug|Any CPU
		{C1060877-6706-4021-A619-EC7E41A66EEE}.Debug|Any CPU.Build.0 = Debug|Any CPU
		{C1060877-6706-4021-A619-EC7E41A66EEE}.Debug|x64.ActiveCfg = Debug|Any CPU
		{C1060877-6706-4021-A619-EC7E41A66EEE}.Debug|x64.Build.0 = Debug|Any CPU
		{C1060877-6706-4021-A619-EC7E41A66EEE}.Debug|x86.ActiveCfg = Debug|Any CPU
		{C1060877-6706-4021-A619-EC7E41A66EEE}.Debug|x86.Build.0 = Debug|Any CPU
		{C1060877-6706-4021-A619-EC7E41A66EEE}.Release|Any CPU.ActiveCfg = Release|Any CPU
		{C1060877-6706-4021-A619-EC7E41A66EEE}.Release|Any CPU.Build.0 = Release|Any CPU
		{C1060877-6706-4021-A619-EC7E41A66EEE}.Release|x64.ActiveCfg = Release|Any CPU
		{C1060877-6706-4021-A619-EC7E41A66EEE}.Release|x64.Build.0 = Release|Any CPU
		{C1060877-6706-4021-A619-EC7E41A66EEE}.Release|x86.ActiveCfg = Release|Any CPU
		{C1060877-6706-4021-A619-EC7E41A66EEE}.Release|x86.Build.0 = Release|Any CPU
		{EC766581-A26B-4A3E-804B-A088DF7663BE}.Debug|Any CPU.ActiveCfg = Debug|Any CPU
		{EC766581-A26B-4A3E-804B-A088DF7663BE}.Debug|Any CPU.Build.0 = Debug|Any CPU
		{EC766581-A26B-4A3E-804B-A088DF7663BE}.Debug|x64.ActiveCfg = Debug|Any CPU
		{EC766581-A26B-4A3E-804B-A088DF7663BE}.Debug|x64.Build.0 = Debug|Any CPU
		{EC766581-A26B-4A3E-804B-A088DF7663BE}.Debug|x86.ActiveCfg = Debug|Any CPU
		{EC766581-A26B-4A3E-804B-A088DF7663BE}.Debug|x86.Build.0 = Debug|Any CPU
		{EC766581-A26B-4A3E-804B-A088DF7663BE}.Release|Any CPU.ActiveCfg = Release|Any CPU
		{EC766581-A26B-4A3E-804B-A088DF7663BE}.Release|Any CPU.Build.0 = Release|Any CPU
		{EC766581-A26B-4A3E-804B-A088DF7663BE}.Release|x64.ActiveCfg = Release|Any CPU
		{EC766581-A26B-4A3E-804B-A088DF7663BE}.Release|x64.Build.0 = Release|Any CPU
		{EC766581-A26B-4A3E-804B-A088DF7663BE}.Release|x86.ActiveCfg = Release|Any CPU
		{EC766581-A26B-4A3E-804B-A088DF7663BE}.Release|x86.Build.0 = Release|Any CPU
		{CFC80EB8-B299-47F2-8B7B-74D34D7F23D0}.Debug|Any CPU.ActiveCfg = Debug|Any CPU
		{CFC80EB8-B299-47F2-8B7B-74D34D7F23D0}.Debug|Any CPU.Build.0 = Debug|Any CPU
		{CFC80EB8-B299-47F2-8B7B-74D34D7F23D0}.Debug|x64.ActiveCfg = Debug|Any CPU
		{CFC80EB8-B299-47F2-8B7B-74D34D7F23D0}.Debug|x64.Build.0 = Debug|Any CPU
		{CFC80EB8-B299-47F2-8B7B-74D34D7F23D0}.Debug|x86.ActiveCfg = Debug|Any CPU
		{CFC80EB8-B299-47F2-8B7B-74D34D7F23D0}.Debug|x86.Build.0 = Debug|Any CPU
		{CFC80EB8-B299-47F2-8B7B-74D34D7F23D0}.Release|Any CPU.ActiveCfg = Release|Any CPU
		{CFC80EB8-B299-47F2-8B7B-74D34D7F23D0}.Release|Any CPU.Build.0 = Release|Any CPU
		{CFC80EB8-B299-47F2-8B7B-74D34D7F23D0}.Release|x64.ActiveCfg = Release|Any CPU
		{CFC80EB8-B299-47F2-8B7B-74D34D7F23D0}.Release|x64.Build.0 = Release|Any CPU
		{CFC80EB8-B299-47F2-8B7B-74D34D7F23D0}.Release|x86.ActiveCfg = Release|Any CPU
		{CFC80EB8-B299-47F2-8B7B-74D34D7F23D0}.Release|x86.Build.0 = Release|Any CPU
		{0CFD54D6-D6CC-42F0-BDD0-6AF94B95ADA1}.Debug|Any CPU.ActiveCfg = Debug|Any CPU
		{0CFD54D6-D6CC-42F0-BDD0-6AF94B95ADA1}.Debug|Any CPU.Build.0 = Debug|Any CPU
		{0CFD54D6-D6CC-42F0-BDD0-6AF94B95ADA1}.Debug|x64.ActiveCfg = Debug|Any CPU
		{0CFD54D6-D6CC-42F0-BDD0-6AF94B95ADA1}.Debug|x64.Build.0 = Debug|Any CPU
		{0CFD54D6-D6CC-42F0-BDD0-6AF94B95ADA1}.Debug|x86.ActiveCfg = Debug|Any CPU
		{0CFD54D6-D6CC-42F0-BDD0-6AF94B95ADA1}.Debug|x86.Build.0 = Debug|Any CPU
		{0CFD54D6-D6CC-42F0-BDD0-6AF94B95ADA1}.Release|Any CPU.ActiveCfg = Release|Any CPU
		{0CFD54D6-D6CC-42F0-BDD0-6AF94B95ADA1}.Release|Any CPU.Build.0 = Release|Any CPU
		{0CFD54D6-D6CC-42F0-BDD0-6AF94B95ADA1}.Release|x64.ActiveCfg = Release|Any CPU
		{0CFD54D6-D6CC-42F0-BDD0-6AF94B95ADA1}.Release|x64.Build.0 = Release|Any CPU
		{0CFD54D6-D6CC-42F0-BDD0-6AF94B95ADA1}.Release|x86.ActiveCfg = Release|Any CPU
		{0CFD54D6-D6CC-42F0-BDD0-6AF94B95ADA1}.Release|x86.Build.0 = Release|Any CPU
		{D36638CB-AFA2-45A8-82AD-C166DD872049}.Debug|Any CPU.ActiveCfg = Debug|Any CPU
		{D36638CB-AFA2-45A8-82AD-C166DD872049}.Debug|Any CPU.Build.0 = Debug|Any CPU
		{D36638CB-AFA2-45A8-82AD-C166DD872049}.Debug|x64.ActiveCfg = Debug|Any CPU
		{D36638CB-AFA2-45A8-82AD-C166DD872049}.Debug|x64.Build.0 = Debug|Any CPU
		{D36638CB-AFA2-45A8-82AD-C166DD872049}.Debug|x86.ActiveCfg = Debug|Any CPU
		{D36638CB-AFA2-45A8-82AD-C166DD872049}.Debug|x86.Build.0 = Debug|Any CPU
		{D36638CB-AFA2-45A8-82AD-C166DD872049}.Release|Any CPU.ActiveCfg = Release|Any CPU
		{D36638CB-AFA2-45A8-82AD-C166DD872049}.Release|Any CPU.Build.0 = Release|Any CPU
		{D36638CB-AFA2-45A8-82AD-C166DD872049}.Release|x64.ActiveCfg = Release|Any CPU
		{D36638CB-AFA2-45A8-82AD-C166DD872049}.Release|x64.Build.0 = Release|Any CPU
		{D36638CB-AFA2-45A8-82AD-C166DD872049}.Release|x86.ActiveCfg = Release|Any CPU
		{D36638CB-AFA2-45A8-82AD-C166DD872049}.Release|x86.Build.0 = Release|Any CPU
		{69951874-E053-43B7-B950-41FEB0896F89}.Debug|Any CPU.ActiveCfg = Debug|Any CPU
		{69951874-E053-43B7-B950-41FEB0896F89}.Debug|Any CPU.Build.0 = Debug|Any CPU
		{69951874-E053-43B7-B950-41FEB0896F89}.Debug|x64.ActiveCfg = Debug|Any CPU
		{69951874-E053-43B7-B950-41FEB0896F89}.Debug|x64.Build.0 = Debug|Any CPU
		{69951874-E053-43B7-B950-41FEB0896F89}.Debug|x86.ActiveCfg = Debug|Any CPU
		{69951874-E053-43B7-B950-41FEB0896F89}.Debug|x86.Build.0 = Debug|Any CPU
		{69951874-E053-43B7-B950-41FEB0896F89}.Release|Any CPU.ActiveCfg = Release|Any CPU
		{69951874-E053-43B7-B950-41FEB0896F89}.Release|Any CPU.Build.0 = Release|Any CPU
		{69951874-E053-43B7-B950-41FEB0896F89}.Release|x64.ActiveCfg = Release|Any CPU
		{69951874-E053-43B7-B950-41FEB0896F89}.Release|x64.Build.0 = Release|Any CPU
		{69951874-E053-43B7-B950-41FEB0896F89}.Release|x86.ActiveCfg = Release|Any CPU
		{69951874-E053-43B7-B950-41FEB0896F89}.Release|x86.Build.0 = Release|Any CPU
		{A71320AC-7146-40F7-860B-C11D7C72CDD8}.Debug|Any CPU.ActiveCfg = Debug|Any CPU
		{A71320AC-7146-40F7-860B-C11D7C72CDD8}.Debug|Any CPU.Build.0 = Debug|Any CPU
		{A71320AC-7146-40F7-860B-C11D7C72CDD8}.Debug|x64.ActiveCfg = Debug|Any CPU
		{A71320AC-7146-40F7-860B-C11D7C72CDD8}.Debug|x64.Build.0 = Debug|Any CPU
		{A71320AC-7146-40F7-860B-C11D7C72CDD8}.Debug|x86.ActiveCfg = Debug|Any CPU
		{A71320AC-7146-40F7-860B-C11D7C72CDD8}.Debug|x86.Build.0 = Debug|Any CPU
		{A71320AC-7146-40F7-860B-C11D7C72CDD8}.Release|Any CPU.ActiveCfg = Release|Any CPU
		{A71320AC-7146-40F7-860B-C11D7C72CDD8}.Release|Any CPU.Build.0 = Release|Any CPU
		{A71320AC-7146-40F7-860B-C11D7C72CDD8}.Release|x64.ActiveCfg = Release|Any CPU
		{A71320AC-7146-40F7-860B-C11D7C72CDD8}.Release|x64.Build.0 = Release|Any CPU
		{A71320AC-7146-40F7-860B-C11D7C72CDD8}.Release|x86.ActiveCfg = Release|Any CPU
		{A71320AC-7146-40F7-860B-C11D7C72CDD8}.Release|x86.Build.0 = Release|Any CPU
		{E4EAF4AD-7EDC-43B7-AAF7-4647CE260710}.Debug|Any CPU.ActiveCfg = Debug|Any CPU
		{E4EAF4AD-7EDC-43B7-AAF7-4647CE260710}.Debug|Any CPU.Build.0 = Debug|Any CPU
		{E4EAF4AD-7EDC-43B7-AAF7-4647CE260710}.Debug|x64.ActiveCfg = Debug|Any CPU
		{E4EAF4AD-7EDC-43B7-AAF7-4647CE260710}.Debug|x64.Build.0 = Debug|Any CPU
		{E4EAF4AD-7EDC-43B7-AAF7-4647CE260710}.Debug|x86.ActiveCfg = Debug|Any CPU
		{E4EAF4AD-7EDC-43B7-AAF7-4647CE260710}.Debug|x86.Build.0 = Debug|Any CPU
		{E4EAF4AD-7EDC-43B7-AAF7-4647CE260710}.Release|Any CPU.ActiveCfg = Release|Any CPU
		{E4EAF4AD-7EDC-43B7-AAF7-4647CE260710}.Release|Any CPU.Build.0 = Release|Any CPU
		{E4EAF4AD-7EDC-43B7-AAF7-4647CE260710}.Release|x64.ActiveCfg = Release|Any CPU
		{E4EAF4AD-7EDC-43B7-AAF7-4647CE260710}.Release|x64.Build.0 = Release|Any CPU
		{E4EAF4AD-7EDC-43B7-AAF7-4647CE260710}.Release|x86.ActiveCfg = Release|Any CPU
		{E4EAF4AD-7EDC-43B7-AAF7-4647CE260710}.Release|x86.Build.0 = Release|Any CPU
		{EFD9D298-A0FA-4FB5-BBD9-F2EEB9830892}.Debug|Any CPU.ActiveCfg = Debug|Any CPU
		{EFD9D298-A0FA-4FB5-BBD9-F2EEB9830892}.Debug|Any CPU.Build.0 = Debug|Any CPU
		{EFD9D298-A0FA-4FB5-BBD9-F2EEB9830892}.Debug|x64.ActiveCfg = Debug|Any CPU
		{EFD9D298-A0FA-4FB5-BBD9-F2EEB9830892}.Debug|x64.Build.0 = Debug|Any CPU
		{EFD9D298-A0FA-4FB5-BBD9-F2EEB9830892}.Debug|x86.ActiveCfg = Debug|Any CPU
		{EFD9D298-A0FA-4FB5-BBD9-F2EEB9830892}.Debug|x86.Build.0 = Debug|Any CPU
		{EFD9D298-A0FA-4FB5-BBD9-F2EEB9830892}.Release|Any CPU.ActiveCfg = Release|Any CPU
		{EFD9D298-A0FA-4FB5-BBD9-F2EEB9830892}.Release|Any CPU.Build.0 = Release|Any CPU
		{EFD9D298-A0FA-4FB5-BBD9-F2EEB9830892}.Release|x64.ActiveCfg = Release|Any CPU
		{EFD9D298-A0FA-4FB5-BBD9-F2EEB9830892}.Release|x64.Build.0 = Release|Any CPU
		{EFD9D298-A0FA-4FB5-BBD9-F2EEB9830892}.Release|x86.ActiveCfg = Release|Any CPU
		{EFD9D298-A0FA-4FB5-BBD9-F2EEB9830892}.Release|x86.Build.0 = Release|Any CPU
		{5D9A874B-7E19-4D8D-81EC-14250FC6FE88}.Debug|Any CPU.ActiveCfg = Debug|Any CPU
		{5D9A874B-7E19-4D8D-81EC-14250FC6FE88}.Debug|Any CPU.Build.0 = Debug|Any CPU
		{5D9A874B-7E19-4D8D-81EC-14250FC6FE88}.Debug|x64.ActiveCfg = Debug|Any CPU
		{5D9A874B-7E19-4D8D-81EC-14250FC6FE88}.Debug|x64.Build.0 = Debug|Any CPU
		{5D9A874B-7E19-4D8D-81EC-14250FC6FE88}.Debug|x86.ActiveCfg = Debug|Any CPU
		{5D9A874B-7E19-4D8D-81EC-14250FC6FE88}.Debug|x86.Build.0 = Debug|Any CPU
		{5D9A874B-7E19-4D8D-81EC-14250FC6FE88}.Release|Any CPU.ActiveCfg = Release|Any CPU
		{5D9A874B-7E19-4D8D-81EC-14250FC6FE88}.Release|Any CPU.Build.0 = Release|Any CPU
		{5D9A874B-7E19-4D8D-81EC-14250FC6FE88}.Release|x64.ActiveCfg = Release|Any CPU
		{5D9A874B-7E19-4D8D-81EC-14250FC6FE88}.Release|x64.Build.0 = Release|Any CPU
		{5D9A874B-7E19-4D8D-81EC-14250FC6FE88}.Release|x86.ActiveCfg = Release|Any CPU
		{5D9A874B-7E19-4D8D-81EC-14250FC6FE88}.Release|x86.Build.0 = Release|Any CPU
		{090A7EE3-96B8-49FB-B08F-4EA3C07B90B5}.Debug|Any CPU.ActiveCfg = Debug|Any CPU
		{090A7EE3-96B8-49FB-B08F-4EA3C07B90B5}.Debug|Any CPU.Build.0 = Debug|Any CPU
		{090A7EE3-96B8-49FB-B08F-4EA3C07B90B5}.Debug|x64.ActiveCfg = Debug|Any CPU
		{090A7EE3-96B8-49FB-B08F-4EA3C07B90B5}.Debug|x64.Build.0 = Debug|Any CPU
		{090A7EE3-96B8-49FB-B08F-4EA3C07B90B5}.Debug|x86.ActiveCfg = Debug|Any CPU
		{090A7EE3-96B8-49FB-B08F-4EA3C07B90B5}.Debug|x86.Build.0 = Debug|Any CPU
		{090A7EE3-96B8-49FB-B08F-4EA3C07B90B5}.Release|Any CPU.ActiveCfg = Release|Any CPU
		{090A7EE3-96B8-49FB-B08F-4EA3C07B90B5}.Release|Any CPU.Build.0 = Release|Any CPU
		{090A7EE3-96B8-49FB-B08F-4EA3C07B90B5}.Release|x64.ActiveCfg = Release|Any CPU
		{090A7EE3-96B8-49FB-B08F-4EA3C07B90B5}.Release|x64.Build.0 = Release|Any CPU
		{090A7EE3-96B8-49FB-B08F-4EA3C07B90B5}.Release|x86.ActiveCfg = Release|Any CPU
		{090A7EE3-96B8-49FB-B08F-4EA3C07B90B5}.Release|x86.Build.0 = Release|Any CPU
	EndGlobalSection
	GlobalSection(SolutionProperties) = preSolution
		HideSolutionNode = FALSE
	EndGlobalSection
	GlobalSection(NestedProjects) = preSolution
		{3145C48C-6F6F-4B20-BC1B-9126308A4331} = {827E0CD3-B72D-47B6-A68D-7590B98EB39B}
		{38CE42B3-8211-4643-95AA-01C7FD25C7E9} = {827E0CD3-B72D-47B6-A68D-7590B98EB39B}
		{C1060877-6706-4021-A619-EC7E41A66EEE} = {827E0CD3-B72D-47B6-A68D-7590B98EB39B}
		{EC766581-A26B-4A3E-804B-A088DF7663BE} = {827E0CD3-B72D-47B6-A68D-7590B98EB39B}
		{CFC80EB8-B299-47F2-8B7B-74D34D7F23D0} = {827E0CD3-B72D-47B6-A68D-7590B98EB39B}
		{0CFD54D6-D6CC-42F0-BDD0-6AF94B95ADA1} = {827E0CD3-B72D-47B6-A68D-7590B98EB39B}
		{D36638CB-AFA2-45A8-82AD-C166DD872049} = {827E0CD3-B72D-47B6-A68D-7590B98EB39B}
		{69951874-E053-43B7-B950-41FEB0896F89} = {827E0CD3-B72D-47B6-A68D-7590B98EB39B}
		{A71320AC-7146-40F7-860B-C11D7C72CDD8} = {0AB3BF05-4346-4AA6-1389-037BE0695223}
		{E4EAF4AD-7EDC-43B7-AAF7-4647CE260710} = {0AB3BF05-4346-4AA6-1389-037BE0695223}
		{EFD9D298-A0FA-4FB5-BBD9-F2EEB9830892} = {0AB3BF05-4346-4AA6-1389-037BE0695223}
		{5D9A874B-7E19-4D8D-81EC-14250FC6FE88} = {0AB3BF05-4346-4AA6-1389-037BE0695223}
		{090A7EE3-96B8-49FB-B08F-4EA3C07B90B5} = {0AB3BF05-4346-4AA6-1389-037BE0695223}
	EndGlobalSection
EndGlobal
